
Microsoft Visual Studio Solution File, Format Version 12.00
# Visual Studio Version 16
VisualStudioVersion = 16.0.31702.278
MinimumVisualStudioVersion = 10.0.40219.1
Project("{FAE04EC0-301F-11D3-BF4B-00C04F79EFBC}") = "CW1-MicroservicesAPI-8408", "CW1-MicroservicesAPI-8408\CW1-MicroservicesAPI-8408.csproj", "{61B97A58-0D41-454C-9C90-CA52F8218726}"
EndProject
Global
	GlobalSection(SolutionConfigurationPlatforms) = preSolution
		Debug|Any CPU = Debug|Any CPU
		Release|Any CPU = Release|Any CPU
	EndGlobalSection
	GlobalSection(ProjectConfigurationPlatforms) = postSolution
		{61B97A58-0D41-454C-9C90-CA52F8218726}.Debug|Any CPU.ActiveCfg = Debug|Any CPU
		{61B97A58-0D41-454C-9C90-CA52F8218726}.Debug|Any CPU.Build.0 = Debug|Any CPU
		{61B97A58-0D41-454C-9C90-CA52F8218726}.Release|Any CPU.ActiveCfg = Release|Any CPU
		{61B97A58-0D41-454C-9C90-CA52F8218726}.Release|Any CPU.Build.0 = Release|Any CPU
	EndGlobalSection
	GlobalSection(SolutionProperties) = preSolution
		HideSolutionNode = FALSE
	EndGlobalSection
	GlobalSection(ExtensibilityGlobals) = postSolution
		SolutionGuid = {8D2764FA-AFAE-4A62-8B8C-1B9198CFD716}
	EndGlobalSection
EndGlobal
